{
  "name": "new-package",
  "version": "1.0.0",
  "lockfileVersion": 3,
  "requires": true,
  "packages": {
    "": {
      "name": "new-package",
      "version": "1.0.0",
      "license": "ISC",
      "dependencies": {
        "greet-brasen": "^1.0.0"
      }
    },
    "node_modules/greet-brasen": {
      "version": "1.0.0",
      "resolved": "https://registry.npmjs.org/greet-brasen/-/greet-brasen-1.0.0.tgz",
      "integrity": "sha512-Y3bQcLm7b4n/d+LD3nSoG0wan3zE9KpX80TAJboz4n3h15ycF1TPeM71rtMh/etSn2tcUblMykmlK8LjCuCPYw==",
      "dependencies": {
        "upper-case": "^3.0.0"
      }
    },
    "node_modules/upper-case": {
      "version": "3.0.0",
      "resolved": "https://registry.npmjs.org/upper-case/-/upper-case-3.0.0.tgz",
      "integrity": "sha512-q6ZAk+RaBO94GGFpdM6GJ2pOXx6Ky/BK9xluGUqMYvY6qZjFN7RPbzqcd+OBru8tRFlcLcS40AIrIq48VhcTIA==",
      "deprecated": "Use `str.toLocaleUpperCase` or `str.toUpperCase`"
    }
  }
}
